# This file is generated by running "yarn install" inside your project.
# Manual changes might be lost - proceed with caution!

__metadata:
  version: 6
  cacheKey: 8

"jquery@npm:3.6.3":
  version: 3.6.3
  resolution: "jquery@npm:3.6.3"
  checksum: 0fd366bdcaa0c84a7a8751ce20f8192290141913978b5059574426d9b01f4365daa675f95aab3eec94fd794d27b08d32078a2236bef404b8ba78073009988ce6
  languageName: node
  linkType: hard

"licence-finder@workspace:.":
  version: 0.0.0-use.local
  resolution: "licence-finder@workspace:."
  dependencies:
    jquery: 3.6.3
  languageName: unknown
  linkType: soft
