# This file is generated by running "yarn install" inside your project.
# Manual changes might be lost - proceed with caution!

__metadata:
  version: 6
  cacheKey: 8

"jquery@npm:3.6.4":
  version: 3.6.4
  resolution: "jquery@npm:3.6.4"
  checksum: 8354f7bd0a0424aa714ee1b6b1ef74b410f834eb5c8501682289b358bc151f11677f11188b544f3bb49309d6ec4d15d1a5de175661250c206b06185a252f706f
  languageName: node
  linkType: hard

"licence-finder@workspace:.":
  version: 0.0.0-use.local
  resolution: "licence-finder@workspace:."
  dependencies:
    jquery: 3.6.4
  languageName: unknown
  linkType: soft
