# This file is generated by running "yarn install" inside your project.
# Manual changes might be lost - proceed with caution!

__metadata:
  version: 6
  cacheKey: 8

"jquery@npm:3.7.0":
  version: 3.7.0
  resolution: "jquery@npm:3.7.0"
  checksum: 907785e133afc427650a131af5fccef66a404885037513b3d4d7d63aee6409bcc32a39836868c60e59b05aa0fb8ace8961c18b2ee3ffdf6ffdb571d6d7cd88ff
  languageName: node
  linkType: hard

"licence-finder@workspace:.":
  version: 0.0.0-use.local
  resolution: "licence-finder@workspace:."
  dependencies:
    jquery: 3.7.0
  languageName: unknown
  linkType: soft
